{
  "version": 1,
  "dependencies": {
    "net8.0": {
      "AspNetCore.HealthChecks.UI.Client": {
        "type": "Direct",
        "requested": "[8.0.0, 8.0.0]",
        "resolved": "8.0.0",
        "contentHash": "QT3hgIYPpoI4LDKVGBI2zpi6COnJOjTiYXhgEQK67vZU+g0mg+Z7JuT4PRHj3hJ5M98yPnnPlkz2VVaGZYEvaQ==",
        "dependencies": {
          "AspNetCore.HealthChecks.UI.Core": "8.0.0",
          "Microsoft.Extensions.Diagnostics.HealthChecks": "8.0.0"
        }
      },
      "Couchbase.Extensions.DependencyInjection": {
        "type": "Direct",
        "requested": "[3.5.0, 3.5.0]",
        "resolved": "3.5.0",
        "contentHash": "1XCkyqmDjS4Qo7MxD5ZihTLvx/a/QJoVb6jvj1V8x+ipD+AvRMbTk/Up+aYEXczG/Jk21pZB69iiNUexAin2iA==",
        "dependencies": {
          "CouchbaseNetClient": "3.5.0",
          "Microsoft.Extensions.Configuration": "3.1.21",
          "Microsoft.Extensions.Configuration.Binder": "3.1.21",
          "Microsoft.Extensions.DependencyInjection.Abstractions": "8.0.0",
          "Microsoft.Extensions.Options": "3.1.21"
        }
      },
      "FluentEmail.Razor": {
        "type": "Direct",
        "requested": "[3.0.2, 3.0.2]",
        "resolved": "3.0.2",
        "contentHash": "XdZS2n9jjrx2qzyBGvgstYFIm2laYo1j7YMUZI0rylZhpZHIic3taWqe78xF5dcsXpJvucmxRCshhF6hl02Dmw==",
        "dependencies": {
          "FluentEmail.Core": "3.0.2",
          "RazorLight": "2.0.0-rc.3"
        }
      },
      "FluentEmail.Smtp": {
        "type": "Direct",
        "requested": "[3.0.2, 3.0.2]",
        "resolved": "3.0.2",
        "contentHash": "Y5pZKS/mXSl7D5WJWecvfo1kpIMDc6U0VRU6wRbE9wEv2IqMH3cQXa/97Pwi+m31COepIqc6dMhGMtAJ2Qh7rw==",
        "dependencies": {
          "FluentEmail.Core": "3.0.2"
        }
      },
      "Grpc.AspNetCore": {
        "type": "Direct",
        "requested": "[2.61.0, 2.61.0]",
        "resolved": "2.61.0",
        "contentHash": "KMU0H2LDRUkt1GavPSaGYZdSgtvlHdwP0ioZqg8eELHqaU7ksLN3Z8vF963hRZRyK/SjWs+xb7Q8doJ5gkOE6Q==",
        "dependencies": {
          "Google.Protobuf": "3.24.0",
          "Grpc.AspNetCore.Server.ClientFactory": "2.61.0",
          "Grpc.Tools": "2.61.0"
        }
      },
      "Grpc.AspNetCore.HealthChecks": {
        "type": "Direct",
        "requested": "[2.61.0, 2.61.0]",
        "resolved": "2.61.0",
        "contentHash": "bTMpTEH1Y7fr5C3Oy0km+voaHMoaYODs/OUCU+mawxlHK2pvGKHTT1B2A4ff71136c2Yk6sTtFr3c1SmaczjYQ==",
        "dependencies": {
          "Grpc.AspNetCore.Server": "2.61.0",
          "Grpc.HealthCheck": "2.61.0"
        }
      },
      "Microsoft.AspNetCore.Authentication.JwtBearer": {
        "type": "Direct",
        "requested": "[8.0.3, 8.0.3]",
        "resolved": "8.0.3",
        "contentHash": "VsDy8R6/0ushSpUow7m4lB82ovVBnI1e2AtPo1z22pzYzUjqY9QJvaexzqMkwmI3K1CVdT6MweXiWoqCcHrJbA==",
        "dependencies": {
          "Microsoft.IdentityModel.Protocols.OpenIdConnect": "7.1.2"
        }
      },
      "Microsoft.AspNetCore.Grpc.JsonTranscoding": {
        "type": "Direct",
        "requested": "[8.0.3, 8.0.3]",
        "resolved": "8.0.3",
        "contentHash": "TPnrM7aH2SiUDHAOGlNwlDlqgMsw62RT0j4zTZD3CYX6M8jdRF7cpGnvjpv4WJ7gIBfnCOAvXKJaZd3SYON//g==",
        "dependencies": {
          "Google.Api.CommonProtos": "2.5.0",
          "Google.Protobuf": "3.23.1",
          "Grpc.AspNetCore.Server": "2.57.0"
        }
      },
      "Microsoft.AspNetCore.Grpc.Swagger": {
        "type": "Direct",
        "requested": "[0.8.3, 0.8.3]",
        "resolved": "0.8.3",
        "contentHash": "FG7QBQhhqCIQChi51EmGBRNqJ5jYD6EDqRG93KkLISaHwyWTxDG5rj6pfAOOzW7prCWEMwuxquTI3fbW9PtBjQ==",
        "dependencies": {
          "Microsoft.AspNetCore.Grpc.JsonTranscoding": "8.0.3",
          "Swashbuckle.AspNetCore": "6.4.0"
        }
      },
      "Quartz.AspNetCore": {
        "type": "Direct",
        "requested": "[3.13.0, 3.13.0]",
        "resolved": "3.13.0",
        "contentHash": "jZcr+V+D6nTnOjFAXq4PVyHs/e+meVHyTZ2jbmeF4n+oOi7Au1FdsJ9e+1ukruXGF3SZXDmjFWGD/WDdtj5tJw==",
        "dependencies": {
          "Microsoft.Extensions.DependencyInjection.Abstractions": "8.0.0",
          "Microsoft.Extensions.Diagnostics.HealthChecks": "8.0.0",
          "Quartz.Extensions.Hosting": "3.13.0"
        }
      },
      "AspNetCore.HealthChecks.UI.Core": {
        "type": "Transitive",
        "resolved": "8.0.0",
        "contentHash": "g+w6mVjdXLdklLH55VsctlX2gsI3uIcJ5kwpzLftUSTbrizq+KCYJ7hw2JZKyOBdg4TqOKfuim9fCE+XjuN/hQ==",
        "dependencies": {
          "Microsoft.Extensions.DependencyInjection.Abstractions": "8.0.0",
          "Microsoft.Extensions.Diagnostics.HealthChecks": "8.0.0"
        }
      },
      "CouchbaseNetClient": {
        "type": "Transitive",
        "resolved": "3.5.0",
        "contentHash": "2HUrM8owOh20WPeWBy+xokN0k9hu3aqFpiwcxr+kqu9smIXTifZIBumqfUXR7GUfG54jFqFLH8wzGJ1zdxo3NQ==",
        "dependencies": {
          "DnsClient": "1.3.2",
          "Google.Api.CommonProtos": "2.13.0",
          "Google.Protobuf": "3.25.0",
          "Grpc.Net.Client": "2.50.0",
          "Grpc.Net.ClientFactory": "2.50.0",
          "Microsoft.Extensions.Logging.Abstractions": "6.0.1",
          "Microsoft.Extensions.ObjectPool": "6.0.0",
          "Newtonsoft.Json": "13.0.1",
          "System.IO.Hashing": "8.0.0",
          "System.IO.Pipelines": "5.0.1",
          "System.Linq.Async": "4.1.1",
          "System.Text.Json": "8.0.0"
        }
      },
      "DnsClient": {
        "type": "Transitive",
        "resolved": "1.3.2",
        "contentHash": "+3pku+O8VzuAirIezOhOa0rz0bK5SDtDgYUzVDbKxzFj9/zsMjvUAqS6kkxnUyX4d3L5d5MRR7gF2wLudODBYg=="
      },
      "FluentEmail.Core": {
        "type": "Transitive",
        "resolved": "3.0.2",
        "contentHash": "uQFFbJgMhhCFUti7pfMi429fMNi7fLGMj+7uDtD7POlQzLxlhXJ6tmt4Y1SI51sZsA36GO5b7+o29eY/dKiICQ==",
        "dependencies": {
          "Microsoft.Extensions.DependencyInjection.Abstractions": "5.0.0"
        }
      },
      "Google.Api.CommonProtos": {
        "type": "Transitive",
        "resolved": "2.13.0",
        "contentHash": "4QG32em/rqXKSUd2OmBTad38ps7Yt3tiN3M5qHmfbOgpL3rYnG86WxXaAy+bCn73ZyYPEjnO2uHJ9yYWWkPAcw==",
        "dependencies": {
          "Google.Protobuf": "[3.25.0, 4.0.0)"
        }
      },
      "Google.Protobuf": {
        "type": "Transitive",
        "resolved": "3.25.0",
        "contentHash": "pIEkH1IqZV1iK8J5MYdG1kOyY0EoQLB6yEKvBq12RYNtvGXwCvnQg5zQsFmcqAEPtIZvSqPozIbUZaEd5a2gCg=="
      },
      "Grpc.AspNetCore.Server": {
        "type": "Transitive",
        "resolved": "2.61.0",
        "contentHash": "Dt8RuE8lPZ2O+J4ACaDwqLaY5IUQAkkHgockKm1p+DLarYmYNT3ckN5J+beM9heBV0I0ZLweqjZdoo11BMVauw==",
        "dependencies": {
          "Grpc.Net.Common": "2.61.0"
        }
      },
      "Grpc.AspNetCore.Server.ClientFactory": {
        "type": "Transitive",
        "resolved": "2.61.0",
        "contentHash": "fD3/MxJkZIB35vwHWH/I6QgmZcoZHu9q9/vw9jFOUsB2qyy25OtYT8c22Z/UpUrsymVKXR+NKUKpmEFReW9GCw==",
        "dependencies": {
          "Grpc.AspNetCore.Server": "2.61.0",
          "Grpc.Net.ClientFactory": "2.61.0"
        }
      },
      "Grpc.Core.Api": {
        "type": "Transitive",
        "resolved": "2.61.0",
        "contentHash": "FFHazRC4SVRpeYzHudZVLTmETfweFaihQZ9xcxbny21MKaz3mmbH8d26bcJ8clCufTYoCxav6nz1moyoxJ+olw=="
      },
      "Grpc.HealthCheck": {
        "type": "Transitive",
        "resolved": "2.61.0",
        "contentHash": "2+lx1cAg4gB72FMzVko6ncBJl/iKhCoV601oQ0zCt+OQYRIgskD8hW0/PQzdPsbpnfgQ6lxWS22hD7hFpShrFw==",
        "dependencies": {
          "Google.Protobuf": "3.24.0",
          "Grpc.Core.Api": "2.61.0",
          "System.Threading.Channels": "4.6.0"
        }
      },
      "Grpc.Net.Client": {
        "type": "Transitive",
        "resolved": "2.61.0",
        "contentHash": "/H4WMyzoTKVBE31PaCG76c/29YTpBeP8W1Vh9of7ykmi8Iw9SlZTm+8quZ35DzRkORZSV6T8CvYPwCVxJzTUKA==",
        "dependencies": {
          "Grpc.Net.Common": "2.61.0",
          "Microsoft.Extensions.Logging.Abstractions": "6.0.0"
        }
      },
      "Grpc.Net.ClientFactory": {
        "type": "Transitive",
        "resolved": "2.61.0",
        "contentHash": "0DB7+22B0jIVhmnBQwm/EoSiKwThAtc9PznB3P7tfPaEOJH3Fwff1j4Ch2ITY43e7Gg/M+idxLRwXWzZYoNIIQ==",
        "dependencies": {
          "Grpc.Net.Client": "2.61.0",
          "Microsoft.Extensions.Http": "6.0.0"
        }
      },
      "Grpc.Net.Common": {
        "type": "Transitive",
        "resolved": "2.61.0",
        "contentHash": "7htYm01A2GCNFq6iamv1NjPycs0nslsYrDD01VAy71k8aSDISBklGJwH7iXZ+ScHdhz+qE0WVvZYVTFsfMPZzQ==",
        "dependencies": {
          "Grpc.Core.Api": "2.61.0"
        }
      },
      "Grpc.Tools": {
        "type": "Transitive",
        "resolved": "2.61.0",
        "contentHash": "NwrF+hn8QC5gE7LE3szHEzFWQKisV5tmncitPtWurO58XDINLYzqoDeNczxX3OT/zuSDqcwzisw0Qo4KSzILxQ=="
      },
      "Microsoft.AspNetCore.Mvc.Razor.Extensions": {
        "type": "Transitive",
        "resolved": "5.0.0",
        "contentHash": "+vVXw0oVVu5dnwseBxZFVeYZ0qPJTI03DTdghRKrcK+QhTM3Nu8orukKqdYObsI4mWZADE8wTILuYR5CowJr+w==",
        "dependencies": {
          "Microsoft.AspNetCore.Razor.Language": "5.0.0",
          "Microsoft.CodeAnalysis.Razor": "5.0.0"
        }
      },
      "Microsoft.AspNetCore.Razor.Language": {
        "type": "Transitive",
        "resolved": "5.0.0",
        "contentHash": "6yOBBASGfXMx1fY6hyjvG+oM3eR8vovIehDdEZW7jAV4gKlY4xuAvTm7Iw1fEq7KPunh2VrJwo7oRK1XxUn1OQ=="
      },
      "Microsoft.CodeAnalysis.Analyzers": {
        "type": "Transitive",
        "resolved": "3.0.0",
        "contentHash": "ojG5pGAhTPmjxRGTNvuszO3H8XPZqksDwr9xLd4Ae/JBjZZdl6GuoLk7uLMf+o7yl5wO0TAqoWcEKkEWqrZE5g=="
      },
      "Microsoft.CodeAnalysis.Common": {
        "type": "Transitive",
        "resolved": "3.7.0",
        "contentHash": "SFEdnbw8204hTlde3JePYSIpNX58h/MMXa7LctUsUDigWMR8Ar9gE8LnsLqAIFM0O33JEuQbJ0G4Sat+cPGldw==",
        "dependencies": {
          "Microsoft.CodeAnalysis.Analyzers": "3.0.0",
          "System.Collections.Immutable": "1.5.0",
          "System.Memory": "4.5.4",
          "System.Reflection.Metadata": "1.6.0",
          "System.Runtime.CompilerServices.Unsafe": "4.7.0",
          "System.Text.Encoding.CodePages": "4.5.1",
          "System.Threading.Tasks.Extensions": "4.5.3"
        }
      },
      "Microsoft.CodeAnalysis.CSharp": {
        "type": "Transitive",
        "resolved": "3.7.0",
        "contentHash": "sKi5PIVy9nVDerkbplY6OQhJBNzEO4XJsMGrnmb6KFEa6K1ulGCHIv6NtDjdUQ/dGrouU3OExc3yzww0COD76w==",
        "dependencies": {
          "Microsoft.CodeAnalysis.Common": "[3.7.0]"
        }
      },
      "Microsoft.CodeAnalysis.Razor": {
        "type": "Transitive",
        "resolved": "5.0.0",
        "contentHash": "s4u/6z/MQ35y/egrXf4WgJlUZf5GGvuba9mZ700dH4XxLBrA9Fw9kFZ8uymoATry7hwz5owvFhBVo+2VnoiGRg==",
        "dependencies": {
          "Microsoft.AspNetCore.Razor.Language": "5.0.0",
          "Microsoft.CodeAnalysis.CSharp": "3.7.0",
          "Microsoft.CodeAnalysis.Common": "3.7.0"
        }
      },
      "Microsoft.Extensions.ApiDescription.Server": {
        "type": "Transitive",
        "resolved": "6.0.5",
        "contentHash": "Ckb5EDBUNJdFWyajfXzUIMRkhf52fHZOQuuZg/oiu8y7zDCVwD0iHhew6MnThjHmevanpxL3f5ci2TtHQEN6bw=="
      },
      "Microsoft.Extensions.Caching.Abstractions": {
        "type": "Transitive",
        "resolved": "8.0.0",
        "contentHash": "3KuSxeHoNYdxVYfg2IRZCThcrlJ1XJqIXkAWikCsbm5C/bCjv7G0WoKDyuR98Q+T607QT2Zl5GsbGRkENcV2yQ==",
        "dependencies": {
          "Microsoft.Extensions.Primitives": "8.0.0"
        }
      },
      "Microsoft.Extensions.Caching.Memory": {
        "type": "Transitive",
        "resolved": "5.0.0",
        "contentHash": "/1qPCleFOkJe0O+xmFqCNLFYQZTJz965sVw8CUB/BQgsApBwzAUsL2BUkDvQW+geRUVTXUS9zLa0pBjC2VJ1gA==",
        "dependencies": {
          "Microsoft.Extensions.Caching.Abstractions": "5.0.0",
          "Microsoft.Extensions.DependencyInjection.Abstractions": "5.0.0",
          "Microsoft.Extensions.Logging.Abstractions": "5.0.0",
          "Microsoft.Extensions.Options": "5.0.0",
          "Microsoft.Extensions.Primitives": "5.0.0"
        }
      },
      "Microsoft.Extensions.Configuration": {
        "type": "Transitive",
        "resolved": "3.1.21",
        "contentHash": "iFO6wyyv/mBr6v9wBJXG+i4baN1GOUf2ClwJilWSSE8CnWgEV2T7w4sTRmE73iS3tdHBiMMnQ2Ynyw8X78ayVw==",
        "dependencies": {
          "Microsoft.Extensions.Configuration.Abstractions": "3.1.21"
        }
      },
      "Microsoft.Extensions.Configuration.Abstractions": {
        "type": "Transitive",
        "resolved": "8.0.0",
        "contentHash": "3lE/iLSutpgX1CC0NOW70FJoGARRHbyKmG7dc0klnUZ9Dd9hS6N/POPWhKhMLCEuNN5nXEY5agmlFtH562vqhQ==",
        "dependencies": {
          "Microsoft.Extensions.Primitives": "8.0.0"
        }
      },
      "Microsoft.Extensions.Configuration.Binder": {
        "type": "Transitive",
        "resolved": "3.1.21",
        "contentHash": "gMI0aMhlJzOvqhREbENDufDaSwnxBs6COgEz+owrfFcb1J2yvBZqhN9YIayHn03JMvm8xtSmNzNL/ZCm7TWjsw==",
        "dependencies": {
          "Microsoft.Extensions.Configuration": "3.1.21"
        }
      },
      "Microsoft.Extensions.DependencyInjection": {
        "type": "Transitive",
        "resolved": "6.0.0",
        "contentHash": "k6PWQMuoBDGGHOQTtyois2u4AwyVcIwL2LaSLlTZQm2CYcJ1pxbt6jfAnpWmzENA/wfrYRI/X9DTLoUkE4AsLw==",
        "dependencies": {
          "Microsoft.Extensions.DependencyInjection.Abstractions": "6.0.0",
          "System.Runtime.CompilerServices.Unsafe": "6.0.0"
        }
      },
      "Microsoft.Extensions.DependencyInjection.Abstractions": {
        "type": "Transitive",
        "resolved": "8.0.0",
        "contentHash": "cjWrLkJXK0rs4zofsK4bSdg+jhDLTaxrkXu4gS6Y7MAlCvRyNNgwY/lJi5RDlQOnSZweHqoyvgvbdvQsRIW+hg=="
      },
      "Microsoft.Extensions.DependencyModel": {
        "type": "Transitive",
        "resolved": "5.0.0",
        "contentHash": "umBECCoMC+sOUgm083yFr8SxTobUOcPFH4AXigdO2xJiszCHAnmeDl4qPphJt+oaJ/XIfV1wOjIts2nRnki61Q=="
      },
      "Microsoft.Extensions.Diagnostics.Abstractions": {
        "type": "Transitive",
        "resolved": "8.0.0",
        "contentHash": "JHYCQG7HmugNYUhOl368g+NMxYE/N/AiclCYRNlgCY9eVyiBkOHMwK4x60RYMxv9EL3+rmj1mqHvdCiPpC+D4Q==",
        "dependencies": {
          "Microsoft.Extensions.DependencyInjection.Abstractions": "8.0.0",
          "Microsoft.Extensions.Options": "8.0.0",
          "System.Diagnostics.DiagnosticSource": "8.0.0"
        }
      },
      "Microsoft.Extensions.Diagnostics.HealthChecks": {
        "type": "Transitive",
        "resolved": "8.0.0",
        "contentHash": "P9SoBuVZhJPpALZmSq72aQEb9ryP67EdquaCZGXGrrcASTNHYdrUhnpgSwIipgM5oVC+dKpRXg5zxobmF9xr5g==",
        "dependencies": {
          "Microsoft.Extensions.Diagnostics.HealthChecks.Abstractions": "8.0.0",
          "Microsoft.Extensions.Hosting.Abstractions": "8.0.0",
          "Microsoft.Extensions.Logging.Abstractions": "8.0.0",
          "Microsoft.Extensions.Options": "8.0.0"
        }
      },
      "Microsoft.Extensions.Diagnostics.HealthChecks.Abstractions": {
        "type": "Transitive",
        "resolved": "8.0.0",
        "contentHash": "AT2qqos3IgI09ok36Qag9T8bb6kHJ3uT9Q5ki6CySybFsK6/9JbvQAgAHf1pVEjST0/N4JaFaCbm40R5edffwg=="
      },
      "Microsoft.Extensions.FileProviders.Abstractions": {
        "type": "Transitive",
        "resolved": "8.0.0",
        "contentHash": "ZbaMlhJlpisjuWbvXr4LdAst/1XxH3vZ6A0BsgTphZ2L4PGuxRLz7Jr/S7mkAAnOn78Vu0fKhEgNF5JO3zfjqQ==",
        "dependencies": {
          "Microsoft.Extensions.Primitives": "8.0.0"
        }
      },
      "Microsoft.Extensions.FileProviders.Physical": {
        "type": "Transitive",
        "resolved": "5.0.0",
        "contentHash": "1rkd8UO2qf21biwO7X0hL9uHP7vtfmdv/NLvKgCRHkdz1XnW8zVQJXyEYiN68WYpExgtVWn55QF0qBzgfh1mGg==",
        "dependencies": {
          "Microsoft.Extensions.FileProviders.Abstractions": "5.0.0",
          "Microsoft.Extensions.FileSystemGlobbing": "5.0.0",
          "Microsoft.Extensions.Primitives": "5.0.0"
        }
      },
      "Microsoft.Extensions.FileSystemGlobbing": {
        "type": "Transitive",
        "resolved": "5.0.0",
        "contentHash": "ArliS8lGk8sWRtrWpqI8yUVYJpRruPjCDT+EIjrgkA/AAPRctlAkRISVZ334chAKktTLzD1+PK8F5IZpGedSqA=="
      },
      "Microsoft.Extensions.Hosting.Abstractions": {
        "type": "Transitive",
        "resolved": "8.0.0",
        "contentHash": "AG7HWwVRdCHlaA++1oKDxLsXIBxmDpMPb3VoyOoAghEWnkUvEAdYQUwnV4jJbAaa/nMYNiEh5ByoLauZBEiovg==",
        "dependencies": {
          "Microsoft.Extensions.Configuration.Abstractions": "8.0.0",
          "Microsoft.Extensions.DependencyInjection.Abstractions": "8.0.0",
          "Microsoft.Extensions.Diagnostics.Abstractions": "8.0.0",
          "Microsoft.Extensions.FileProviders.Abstractions": "8.0.0",
          "Microsoft.Extensions.Logging.Abstractions": "8.0.0"
        }
      },
      "Microsoft.Extensions.Http": {
        "type": "Transitive",
        "resolved": "6.0.0",
        "contentHash": "15+pa2G0bAMHbHewaQIdr/y6ag2H3yh4rd9hTXavtWDzQBkvpe2RMqFg8BxDpcQWssmjmBApGPcw93QRz6YcMg==",
        "dependencies": {
          "Microsoft.Extensions.DependencyInjection.Abstractions": "6.0.0",
          "Microsoft.Extensions.Logging": "6.0.0",
          "Microsoft.Extensions.Logging.Abstractions": "6.0.0",
          "Microsoft.Extensions.Options": "6.0.0"
        }
      },
      "Microsoft.Extensions.Logging": {
        "type": "Transitive",
        "resolved": "6.0.0",
        "contentHash": "eIbyj40QDg1NDz0HBW0S5f3wrLVnKWnDJ/JtZ+yJDFnDj90VoPuoPmFkeaXrtu+0cKm5GRAwoDf+dBWXK0TUdg==",
        "dependencies": {
          "Microsoft.Extensions.DependencyInjection": "6.0.0",
          "Microsoft.Extensions.DependencyInjection.Abstractions": "6.0.0",
          "Microsoft.Extensions.Logging.Abstractions": "6.0.0",
          "Microsoft.Extensions.Options": "6.0.0",
          "System.Diagnostics.DiagnosticSource": "6.0.0"
        }
      },
      "Microsoft.Extensions.Logging.Abstractions": {
        "type": "Transitive",
        "resolved": "8.0.0",
        "contentHash": "arDBqTgFCyS0EvRV7O3MZturChstm50OJ0y9bDJvAcmEPJm0FFpFyjU/JLYyStNGGey081DvnQYlncNX5SJJGA==",
        "dependencies": {
          "Microsoft.Extensions.DependencyInjection.Abstractions": "8.0.0"
        }
      },
      "Microsoft.Extensions.ObjectPool": {
        "type": "Transitive",
        "resolved": "6.0.0",
        "contentHash": "7hR9FU0JJHOCLmn/Ary31pLLAhlzoMptBKs5CJmNUzD87dXjl+/NqVkyCTl6cT2JAfTK0G39HpvCOv1fhsX3BQ=="
      },
      "Microsoft.Extensions.Options": {
        "type": "Transitive",
        "resolved": "8.0.0",
        "contentHash": "JOVOfqpnqlVLUzINQ2fox8evY2SKLYJ3BV8QDe/Jyp21u1T7r45x/R/5QdteURMR5r01GxeJSBBUOCOyaNXA3g==",
        "dependencies": {
          "Microsoft.Extensions.DependencyInjection.Abstractions": "8.0.0",
          "Microsoft.Extensions.Primitives": "8.0.0"
        }
      },
      "Microsoft.Extensions.Primitives": {
        "type": "Transitive",
        "resolved": "8.0.0",
        "contentHash": "bXJEZrW9ny8vjMF1JV253WeLhpEVzFo1lyaZu1vQ4ZxWUlVvknZ/+ftFgVheLubb4eZPSwwxBeqS1JkCOjxd8g=="
      },
      "Microsoft.IdentityModel.Abstractions": {
        "type": "Transitive",
        "resolved": "7.4.0",
        "contentHash": "Y5wvSoKT6G9gi94FmTwyMCRDjMBVwCnDTXT9yyy95jS3lq3IRXJ/Fh+tqmsluA181RzAtXgK5SsvGGkcWm2n0g=="
      },
      "Microsoft.IdentityModel.JsonWebTokens": {
        "type": "Transitive",
        "resolved": "7.4.0",
        "contentHash": "8Gxy/KSjzEXg4hEyMvR0EsuLpaYLERoX1grIxechhoS8ugUyVvX9zxhMUg0EC/Oi3slhQ+rWrvN6M/M26RnRLQ==",
        "dependencies": {
          "Microsoft.IdentityModel.Tokens": "7.4.0"
        }
      },
      "Microsoft.IdentityModel.Logging": {
        "type": "Transitive",
        "resolved": "7.4.0",
        "contentHash": "TuCWnlQprih0PieviKAdvHtjuVLUjEBymEUlBqAe8BUBWlMjB7eHaZ1pi5mkPR5bbrVWLYu8/qiMVc0+neE6dQ==",
        "dependencies": {
          "Microsoft.IdentityModel.Abstractions": "7.4.0"
        }
      },
      "Microsoft.IdentityModel.Protocols": {
        "type": "Transitive",
        "resolved": "7.1.2",
        "contentHash": "SydLwMRFx6EHPWJ+N6+MVaoArN1Htt92b935O3RUWPY1yUF63zEjvd3lBu79eWdZUwedP8TN2I5V9T3nackvIQ==",
        "dependencies": {
          "Microsoft.IdentityModel.Logging": "7.1.2",
          "Microsoft.IdentityModel.Tokens": "7.1.2"
        }
      },
      "Microsoft.IdentityModel.Protocols.OpenIdConnect": {
        "type": "Transitive",
        "resolved": "7.1.2",
        "contentHash": "6lHQoLXhnMQ42mGrfDkzbIOR3rzKM1W1tgTeMPLgLCqwwGw0d96xFi/UiX/fYsu7d6cD5MJiL3+4HuI8VU+sVQ==",
        "dependencies": {
          "Microsoft.IdentityModel.Protocols": "7.1.2",
          "System.IdentityModel.Tokens.Jwt": "7.1.2"
        }
      },
      "Microsoft.IdentityModel.Tokens": {
        "type": "Transitive",
        "resolved": "7.4.0",
        "contentHash": "2GXnFtFNv51QaIFw7pC3+OSRG+wDxj53MY6o6DRFFp/wAsTUTeasN+7Gkc6zSuI4cbrU9KXSVzs2cnW6EQ5szg==",
        "dependencies": {
          "Microsoft.IdentityModel.Logging": "7.4.0"
        }
      },
      "Microsoft.NETCore.Platforms": {
        "type": "Transitive",
        "resolved": "2.1.2",
        "contentHash": "mOJy3M0UN+LUG21dLGMxaWZEP6xYpQEpLuvuEQBaownaX4YuhH6NmNUlN9si+vNkAS6dwJ//N1O4DmLf2CikVg=="
      },
      "Microsoft.OpenApi": {
        "type": "Transitive",
        "resolved": "1.2.3",
        "contentHash": "Nug3rO+7Kl5/SBAadzSMAVgqDlfGjJZ0GenQrLywJ84XGKO0uRqkunz5Wyl0SDwcR71bAATXvSdbdzPrYRYKGw=="
      },
      "Newtonsoft.Json": {
        "type": "Transitive",
        "resolved": "13.0.1",
        "contentHash": "ppPFpBcvxdsfUonNcvITKqLl3bqxWbDCZIzDWHzjpdAHRFfZe0Dw9HmA0+za13IdyrgJwpkDTDA9fHaxOrt20A=="
      },
      "Quartz": {
        "type": "Transitive",
        "resolved": "3.13.0",
        "contentHash": "ddD1CPjWcDMbKdAhzuna3Ng23Sdv1YtuHbFMdAAFw0eBEj9jnadYkDWiKGo/c7BMnbI/ruuyd370sKVgdMCkDA==",
        "dependencies": {
          "Microsoft.Extensions.Logging.Abstractions": "2.1.1"
        }
      },
      "Quartz.Extensions.DependencyInjection": {
        "type": "Transitive",
        "resolved": "3.13.0",
        "contentHash": "H9+hAnJI/TNKF+Po++jEzLRNXOfqpr3N0CZzVsDcS1apGQ4ELU+6OdWoNVN2l+Se4yW8HApBb3NHDQL4mf4E9A==",
        "dependencies": {
          "Microsoft.Extensions.Configuration.Abstractions": "8.0.0",
          "Microsoft.Extensions.Options": "8.0.0",
          "Quartz": "3.13.0"
        }
      },
      "Quartz.Extensions.Hosting": {
        "type": "Transitive",
        "resolved": "3.13.0",
        "contentHash": "IEVjySmI5Jj3kcUUe4z+DXYJK0KggtQfHymwAps7W8qsb1adg6KpAgutBNz0OdD9WKjUf2dRiOM74pVXKj0hkQ==",
        "dependencies": {
          "Microsoft.Extensions.Hosting.Abstractions": "8.0.0",
          "Quartz.Extensions.DependencyInjection": "3.13.0"
        }
      },
      "RazorLight": {
        "type": "Transitive",
        "resolved": "2.0.0-rc.3",
        "contentHash": "2tzNTdXCCMesPQhIdL0x5QS2BwDvaLWVQLNcAv153gnWzUzw8vYETIZBp/Hx591BHPg9itiT8lwVx94XfAnCNA==",
        "dependencies": {
          "Microsoft.AspNetCore.Mvc.Razor.Extensions": "5.0.0",
          "Microsoft.CodeAnalysis.Razor": "5.0.0",
          "Microsoft.Extensions.Caching.Abstractions": "5.0.0",
          "Microsoft.Extensions.Caching.Memory": "5.0.0",
          "Microsoft.Extensions.DependencyInjection": "5.0.0",
          "Microsoft.Extensions.DependencyModel": "5.0.0",
          "Microsoft.Extensions.FileProviders.Physical": "5.0.0",
          "Microsoft.Extensions.Primitives": "5.0.0",
          "System.Buffers": "4.5.1"
        }
      },
      "Swashbuckle.AspNetCore": {
        "type": "Transitive",
        "resolved": "6.4.0",
        "contentHash": "eUBr4TW0up6oKDA5Xwkul289uqSMgY0xGN4pnbOIBqCcN9VKGGaPvHX3vWaG/hvocfGDP+MGzMA0bBBKz2fkmQ==",
        "dependencies": {
          "Microsoft.Extensions.ApiDescription.Server": "6.0.5",
          "Swashbuckle.AspNetCore.Swagger": "6.4.0",
          "Swashbuckle.AspNetCore.SwaggerGen": "6.4.0",
          "Swashbuckle.AspNetCore.SwaggerUI": "6.4.0"
        }
      },
      "Swashbuckle.AspNetCore.Swagger": {
        "type": "Transitive",
        "resolved": "6.4.0",
        "contentHash": "nl4SBgGM+cmthUcpwO/w1lUjevdDHAqRvfUoe4Xp/Uvuzt9mzGUwyFCqa3ODBAcZYBiFoKvrYwz0rabslJvSmQ==",
        "dependencies": {
          "Microsoft.OpenApi": "1.2.3"
        }
      },
      "Swashbuckle.AspNetCore.SwaggerGen": {
        "type": "Transitive",
        "resolved": "6.4.0",
        "contentHash": "lXhcUBVqKrPFAQF7e/ZeDfb5PMgE8n5t6L5B6/BQSpiwxgHzmBcx8Msu42zLYFTvR5PIqE9Q9lZvSQAcwCxJjw==",
        "dependencies": {
          "Swashbuckle.AspNetCore.Swagger": "6.4.0"
        }
      },
      "Swashbuckle.AspNetCore.SwaggerUI": {
        "type": "Transitive",
        "resolved": "6.4.0",
        "contentHash": "1Hh3atb3pi8c+v7n4/3N80Jj8RvLOXgWxzix6w3OZhB7zBGRwsy7FWr4e3hwgPweSBpwfElqj4V4nkjYabH9nQ=="
      },
      "System.Buffers": {
        "type": "Transitive",
        "resolved": "4.5.1",
        "contentHash": "Rw7ijyl1qqRS0YQD/WycNst8hUUMgrMH4FCn1nNm27M4VxchZ1js3fVjQaANHO5f3sN4isvP4a+Met9Y4YomAg=="
      },
      "System.Collections.Immutable": {
        "type": "Transitive",
        "resolved": "1.5.0",
        "contentHash": "EXKiDFsChZW0RjrZ4FYHu9aW6+P4MCgEDCklsVseRfhoO0F+dXeMSsMRAlVXIo06kGJ/zv+2w1a2uc2+kxxSaQ=="
      },
      "System.Diagnostics.DiagnosticSource": {
        "type": "Transitive",
        "resolved": "8.0.0",
        "contentHash": "c9xLpVz6PL9lp/djOWtk5KPDZq3cSYpmXoJQY524EOtuFl5z9ZtsotpsyrDW40U1DRnQSYvcPKEUV0X//u6gkQ=="
      },
      "System.IdentityModel.Tokens.Jwt": {
        "type": "Transitive",
        "resolved": "7.4.0",
        "contentHash": "9XayJBAY+Bs7+ISFJ6BXJuCf6q9DyP8rsn/D1uNaKHDLyADjeKLRDa5YbFRfSBo/+8cuMzlD2VIUR4VuAPoK7w==",
        "dependencies": {
          "Microsoft.IdentityModel.JsonWebTokens": "7.4.0",
          "Microsoft.IdentityModel.Tokens": "7.4.0"
        }
      },
      "System.IO.Hashing": {
        "type": "Transitive",
        "resolved": "8.0.0",
        "contentHash": "ne1843evDugl0md7Fjzy6QjJrzsjh46ZKbhf8GwBXb5f/gw97J4bxMs0NQKifDuThh/f0bZ0e62NPl1jzTuRqA=="
      },
      "System.IO.Pipelines": {
        "type": "Transitive",
        "resolved": "5.0.1",
        "contentHash": "qEePWsaq9LoEEIqhbGe6D5J8c9IqQOUuTzzV6wn1POlfdLkJliZY3OlB0j0f17uMWlqZYjH7txj+2YbyrIA8Yg=="
      },
      "System.Linq.Async": {
        "type": "Transitive",
        "resolved": "4.1.1",
        "contentHash": "+MYrr8Jz8ayKhOJrqh+9EH4y2qcKYUehxKXE3j4IG5to4FlXz6HF0CgBUtYqrcbW5uOaCEUoZ+SVnp4dEIAi6Q=="
      },
      "System.Memory": {
        "type": "Transitive",
        "resolved": "4.5.4",
        "contentHash": "1MbJTHS1lZ4bS4FmsJjnuGJOu88ZzTT2rLvrhW7Ygic+pC0NWA+3hgAen0HRdsocuQXCkUTdFn9yHJJhsijDXw=="
      },
      "System.Reflection.Metadata": {
        "type": "Transitive",
        "resolved": "1.6.0",
        "contentHash": "COC1aiAJjCoA5GBF+QKL2uLqEBew4JsCkQmoHKbN3TlOZKa2fKLz5CpiRQKDz0RsAOEGsVKqOD5bomsXq/4STQ=="
      },
      "System.Runtime.CompilerServices.Unsafe": {
        "type": "Transitive",
        "resolved": "6.0.0",
        "contentHash": "/iUeP3tq1S0XdNNoMz5C9twLSrM/TH+qElHkXWaPvuNOt+99G75NrV0OS2EqHx5wMN7popYjpc8oTjC1y16DLg=="
      },
      "System.Text.Encoding.CodePages": {
        "type": "Transitive",
        "resolved": "4.5.1",
        "contentHash": "4J2JQXbftjPMppIHJ7IC+VXQ9XfEagN92vZZNoG12i+zReYlim5dMoXFC1Zzg7tsnKDM7JPo5bYfFK4Jheq44w==",
        "dependencies": {
          "Microsoft.NETCore.Platforms": "2.1.2",
          "System.Runtime.CompilerServices.Unsafe": "4.5.2"
        }
      },
      "System.Text.Encodings.Web": {
        "type": "Transitive",
        "resolved": "8.0.0",
        "contentHash": "yev/k9GHAEGx2Rg3/tU6MQh4HGBXJs70y7j1LaM1i/ER9po+6nnQ6RRqTJn1E7Xu0fbIFK80Nh5EoODxrbxwBQ=="
      },
      "System.Text.Json": {
        "type": "Transitive",
        "resolved": "8.0.0",
        "contentHash": "OdrZO2WjkiEG6ajEFRABTRCi/wuXQPxeV6g8xvUJqdxMvvuCCEk86zPla8UiIQJz3durtUEbNyY/3lIhS0yZvQ==",
        "dependencies": {
          "System.Text.Encodings.Web": "8.0.0"
        }
      },
      "System.Threading.Channels": {
        "type": "Transitive",
        "resolved": "4.6.0",
        "contentHash": "xdCw/eEo1XwxQNuhTLD10gaXnVt5rkKZCPjttXE5vtqwEkheqdGrNBcbU0UP9zWdgIwZWD+4NEl4OS10jKrZtg=="
      },
      "System.Threading.Tasks.Extensions": {
        "type": "Transitive",
        "resolved": "4.5.3",
        "contentHash": "+MvhNtcvIbqmhANyKu91jQnvIRVSTiaOiFNfKWwXGHG48YAb4I/TyH8spsySiPYla7gKal5ZnF3teJqZAximyQ=="
      },
      "dataaccess": {
        "type": "Project",
        "dependencies": {
          "CouchbaseNetClient": "[3.5.0, 3.5.0]",
          "Domain": "[1.0.0, )"
        }
      },
      "domain": {
        "type": "Project",
        "dependencies": {
          "Couchbase.Extensions.DependencyInjection": "[3.5.0, 3.5.0]",
          "Microsoft.Extensions.Caching.Abstractions": "[8.0.0, 8.0.0]",
          "Quartz": "[3.13.0, 3.13.0]",
          "System.IdentityModel.Tokens.Jwt": "[7.4.0, 7.4.0]"
        }
      }
    }
  }
}