
Microsoft Visual Studio Solution File, Format Version 12.00
# Visual Studio Version 17
VisualStudioVersion = 17.5.33530.505
MinimumVisualStudioVersion = 10.0.40219.1
Project("{FAE04EC0-301F-11D3-BF4B-00C04F79EFBC}") = "MovieTicketBookingApi", "MovieTicketBookingApi\MovieTicketBookingApi.csproj", "{67B575BA-7285-400D-9DC2-5EC23F6721F1}"
EndProject
Global
	GlobalSection(SolutionConfigurationPlatforms) = preSolution
		Debug|Any CPU = Debug|Any CPU
		Release|Any CPU = Release|Any CPU
	EndGlobalSection
	GlobalSection(ProjectConfigurationPlatforms) = postSolution
		{67B575BA-7285-400D-9DC2-5EC23F6721F1}.Debug|Any CPU.ActiveCfg = Debug|Any CPU
		{67B575BA-7285-400D-9DC2-5EC23F6721F1}.Debug|Any CPU.Build.0 = Debug|Any CPU
		{67B575BA-7285-400D-9DC2-5EC23F6721F1}.Release|Any CPU.ActiveCfg = Release|Any CPU
		{67B575BA-7285-400D-9DC2-5EC23F6721F1}.Release|Any CPU.Build.0 = Release|Any CPU
	EndGlobalSection
	GlobalSection(SolutionProperties) = preSolution
		HideSolutionNode = FALSE
	EndGlobalSection
	GlobalSection(ExtensibilityGlobals) = postSolution
		SolutionGuid = {60AD94A5-7D8F-4A99-A08B-4E1A54A4BEBA}
	EndGlobalSection
EndGlobal
