
Microsoft Visual Studio Solution File, Format Version 12.00
# Visual Studio Version 17
VisualStudioVersion = 17.5.33530.505
MinimumVisualStudioVersion = 10.0.40219.1
Project("{9A19103F-16F7-4668-BE54-9A1E7A4F7556}") = "MovieTicketBookingApi", "MovieTicketBookingApi\MovieTicketBookingApi.csproj", "{67B575BA-7285-400D-9DC2-5EC23F6721F1}"
EndProject
Project("{9A19103F-16F7-4668-BE54-9A1E7A4F7556}") = "DataAccess", "DataAccess\DataAccess.csproj", "{8D4889BD-AFBD-4CB8-BDE7-7618D4BFF5FB}"
EndProject
Project("{9A19103F-16F7-4668-BE54-9A1E7A4F7556}") = "MovieTicketBookingApi.Tests", "Tests\MovieTicketBookingApi.Tests\MovieTicketBookingApi.Tests.csproj", "{AECA999A-2776-449C-B800-F7C687598207}"
EndProject
Project("{FAE04EC0-301F-11D3-BF4B-00C04F79EFBC}") = "Domain", "Domain\Domain.csproj", "{C8215F0B-69C9-46C4-AD6F-CA028FFE2A2D}"
EndProject
Global
	GlobalSection(SolutionConfigurationPlatforms) = preSolution
		Debug|Any CPU = Debug|Any CPU
		Release|Any CPU = Release|Any CPU
	EndGlobalSection
	GlobalSection(ProjectConfigurationPlatforms) = postSolution
		{67B575BA-7285-400D-9DC2-5EC23F6721F1}.Debug|Any CPU.ActiveCfg = Debug|Any CPU
		{67B575BA-7285-400D-9DC2-5EC23F6721F1}.Debug|Any CPU.Build.0 = Debug|Any CPU
		{67B575BA-7285-400D-9DC2-5EC23F6721F1}.Release|Any CPU.ActiveCfg = Release|Any CPU
		{67B575BA-7285-400D-9DC2-5EC23F6721F1}.Release|Any CPU.Build.0 = Release|Any CPU
		{8D4889BD-AFBD-4CB8-BDE7-7618D4BFF5FB}.Debug|Any CPU.ActiveCfg = Debug|Any CPU
		{8D4889BD-AFBD-4CB8-BDE7-7618D4BFF5FB}.Debug|Any CPU.Build.0 = Debug|Any CPU
		{8D4889BD-AFBD-4CB8-BDE7-7618D4BFF5FB}.Release|Any CPU.ActiveCfg = Release|Any CPU
		{8D4889BD-AFBD-4CB8-BDE7-7618D4BFF5FB}.Release|Any CPU.Build.0 = Release|Any CPU
		{AECA999A-2776-449C-B800-F7C687598207}.Debug|Any CPU.ActiveCfg = Debug|Any CPU
		{AECA999A-2776-449C-B800-F7C687598207}.Debug|Any CPU.Build.0 = Debug|Any CPU
		{AECA999A-2776-449C-B800-F7C687598207}.Release|Any CPU.ActiveCfg = Release|Any CPU
		{AECA999A-2776-449C-B800-F7C687598207}.Release|Any CPU.Build.0 = Release|Any CPU
		{C8215F0B-69C9-46C4-AD6F-CA028FFE2A2D}.Debug|Any CPU.ActiveCfg = Debug|Any CPU
		{C8215F0B-69C9-46C4-AD6F-CA028FFE2A2D}.Debug|Any CPU.Build.0 = Debug|Any CPU
		{C8215F0B-69C9-46C4-AD6F-CA028FFE2A2D}.Release|Any CPU.ActiveCfg = Release|Any CPU
		{C8215F0B-69C9-46C4-AD6F-CA028FFE2A2D}.Release|Any CPU.Build.0 = Release|Any CPU
	EndGlobalSection
	GlobalSection(SolutionProperties) = preSolution
		HideSolutionNode = FALSE
	EndGlobalSection
	GlobalSection(ExtensibilityGlobals) = postSolution
		SolutionGuid = {60AD94A5-7D8F-4A99-A08B-4E1A54A4BEBA}
	EndGlobalSection
EndGlobal
